
Microsoft Visual Studio Solution File, Format Version 12.00
# Visual Studio Version 17
VisualStudioVersion = 17.8.34316.72
MinimumVisualStudioVersion = 10.0.40219.1
Project("{FAE04EC0-301F-11D3-BF4B-00C04F79EFBC}") = "GA_Class_Constructor", "GA_Class_Constructor.csproj", "{63106366-0E15-4DC0-A62C-C33ECA9A5B04}"
EndProject
Global
	GlobalSection(SolutionConfigurationPlatforms) = preSolution
		Debug|Any CPU = Debug|Any CPU
		Release|Any CPU = Release|Any CPU
	EndGlobalSection
	GlobalSection(ProjectConfigurationPlatforms) = postSolution
		{63106366-0E15-4DC0-A62C-C33ECA9A5B04}.Debug|Any CPU.ActiveCfg = Debug|Any CPU
		{63106366-0E15-4DC0-A62C-C33ECA9A5B04}.Debug|Any CPU.Build.0 = Debug|Any CPU
		{63106366-0E15-4DC0-A62C-C33ECA9A5B04}.Release|Any CPU.ActiveCfg = Release|Any CPU
		{63106366-0E15-4DC0-A62C-C33ECA9A5B04}.Release|Any CPU.Build.0 = Release|Any CPU
	EndGlobalSection
	GlobalSection(SolutionProperties) = preSolution
		HideSolutionNode = FALSE
	EndGlobalSection
	GlobalSection(ExtensibilityGlobals) = postSolution
		SolutionGuid = {AA951E71-AFB0-4CB7-91F8-1C1E5FAB87F0}
	EndGlobalSection
EndGlobal
